
Microsoft Visual Studio Solution File, Format Version 12.00
# Visual Studio 14
VisualStudioVersion = 14.0.25123.0
MinimumVisualStudioVersion = 10.0.40219.1
Project("{9DB8CF0A-CC63-4E6A-8EEA-7E57EBBE437E}") = "Sitecore.Support.94748", "Sitecore.Support.94748\Sitecore.Support.94748.csproj", "{173C85D0-5833-41FD-880A-728B6540E1BA}"
EndProject
Global
	GlobalSection(SolutionConfigurationPlatforms) = preSolution
		Debug|Any CPU = Debug|Any CPU
		Release|Any CPU = Release|Any CPU
	EndGlobalSection
	GlobalSection(ProjectConfigurationPlatforms) = postSolution
		{173C85D0-5833-41FD-880A-728B6540E1BA}.Debug|Any CPU.ActiveCfg = Debug|Any CPU
		{173C85D0-5833-41FD-880A-728B6540E1BA}.Debug|Any CPU.Build.0 = Debug|Any CPU
		{173C85D0-5833-41FD-880A-728B6540E1BA}.Release|Any CPU.ActiveCfg = Release|Any CPU
		{173C85D0-5833-41FD-880A-728B6540E1BA}.Release|Any CPU.Build.0 = Release|Any CPU
	EndGlobalSection
	GlobalSection(SolutionProperties) = preSolution
		HideSolutionNode = FALSE
	EndGlobalSection
EndGlobal
